Microsoft Visual Studio Solution File, Format Version 11.00
# Visual Studio 2008

Project("{85B18956-6D78-1CA0-246F-775C33D6B301}") = "Project Marflepop", "Assembly-CSharp.csproj", "{C1DF03F2-F89D-39A1-0DD6-04C707247EAA}"
EndProject
Global
	GlobalSection(SolutionConfigurationPlatforms) = preSolution
		Debug|Any CPU = Debug|Any CPU
		Release|Any CPU = Release|Any CPU
	EndGlobalSection
	GlobalSection(ProjectConfigurationPlatforms) = postSolution
		{C1DF03F2-F89D-39A1-0DD6-04C707247EAA}.Debug|Any CPU.ActiveCfg = Debug|Any CPU
		{C1DF03F2-F89D-39A1-0DD6-04C707247EAA}.Debug|Any CPU.Build.0 = Debug|Any CPU
		{C1DF03F2-F89D-39A1-0DD6-04C707247EAA}.Release|Any CPU.ActiveCfg = Release|Any CPU
		{C1DF03F2-F89D-39A1-0DD6-04C707247EAA}.Release|Any CPU.Build.0 = Release|Any CPU
	EndGlobalSection
	GlobalSection(SolutionProperties) = preSolution
		HideSolutionNode = FALSE
	EndGlobalSection
	GlobalSection(MonoDevelopProperties) = preSolution
		StartupItem = Assembly-CSharp.csproj
	EndGlobalSection
EndGlobal
